
Microsoft Visual Studio Solution File, Format Version 12.00
# Visual Studio Version 16
VisualStudioVersion = 16.0.29709.97
MinimumVisualStudioVersion = 10.0.40219.1
Project("{9A19103F-16F7-4668-BE54-9A1E7A4F7556}") = "ClassLibrary1", "ClassLibrary1\ClassLibrary1.csproj", "{88C4516C-1E40-4DEF-8A4C-CF99428FBFE4}"
EndProject
Project("{9A19103F-16F7-4668-BE54-9A1E7A4F7556}") = "TestNeuroComputing", "TestNeuroComputing\TestNeuroComputing.csproj", "{C47AEF26-364A-43BD-854A-6595985CD62C}"
EndProject
Project("{9A19103F-16F7-4668-BE54-9A1E7A4F7556}") = "Task1Forms", "..\..\..\..\Downloads\Task1Forms-master\Task1Forms-master\Task1Forms.csproj", "{12F118CC-1FA0-4C4D-838C-D41D6639BD48}"
EndProject
Global
	GlobalSection(SolutionConfigurationPlatforms) = preSolution
		Debug|Any CPU = Debug|Any CPU
		Release|Any CPU = Release|Any CPU
	EndGlobalSection
	GlobalSection(ProjectConfigurationPlatforms) = postSolution
		{88C4516C-1E40-4DEF-8A4C-CF99428FBFE4}.Debug|Any CPU.ActiveCfg = Debug|Any CPU
		{88C4516C-1E40-4DEF-8A4C-CF99428FBFE4}.Debug|Any CPU.Build.0 = Debug|Any CPU
		{88C4516C-1E40-4DEF-8A4C-CF99428FBFE4}.Release|Any CPU.ActiveCfg = Release|Any CPU
		{88C4516C-1E40-4DEF-8A4C-CF99428FBFE4}.Release|Any CPU.Build.0 = Release|Any CPU
		{C47AEF26-364A-43BD-854A-6595985CD62C}.Debug|Any CPU.ActiveCfg = Debug|Any CPU
		{C47AEF26-364A-43BD-854A-6595985CD62C}.Debug|Any CPU.Build.0 = Debug|Any CPU
		{C47AEF26-364A-43BD-854A-6595985CD62C}.Release|Any CPU.ActiveCfg = Release|Any CPU
		{C47AEF26-364A-43BD-854A-6595985CD62C}.Release|Any CPU.Build.0 = Release|Any CPU
		{12F118CC-1FA0-4C4D-838C-D41D6639BD48}.Debug|Any CPU.ActiveCfg = Debug|Any CPU
		{12F118CC-1FA0-4C4D-838C-D41D6639BD48}.Debug|Any CPU.Build.0 = Debug|Any CPU
		{12F118CC-1FA0-4C4D-838C-D41D6639BD48}.Release|Any CPU.ActiveCfg = Release|Any CPU
		{12F118CC-1FA0-4C4D-838C-D41D6639BD48}.Release|Any CPU.Build.0 = Release|Any CPU
	EndGlobalSection
	GlobalSection(SolutionProperties) = preSolution
		HideSolutionNode = FALSE
	EndGlobalSection
	GlobalSection(ExtensibilityGlobals) = postSolution
		SolutionGuid = {4A8E042A-6112-490A-B9E2-D83E0364D78B}
	EndGlobalSection
EndGlobal
